
Microsoft Visual Studio Solution File, Format Version 12.00
# Visual Studio Version 17
VisualStudioVersion = 17.0.31903.59
MinimumVisualStudioVersion = 10.0.40219.1
Project("{9A19103F-16F7-4668-BE54-9A1E7A4F7556}") = "RallyCalendar.Console", "RallyCalendar.Console\RallyCalendar.Console.csproj", "{F1B9E84A-6452-4581-B6E4-0E7E7E78A180}"
EndProject
Project("{9A19103F-16F7-4668-BE54-9A1E7A4F7556}") = "RallyCalendar.Core", "RallyCalendar.Core\RallyCalendar.Core.csproj", "{5021D05D-113B-43B9-B485-0E97B5A89804}"
EndProject
Project("{9A19103F-16F7-4668-BE54-9A1E7A4F7556}") = "RallyCalendar.CoreTests", "RallyCalendar.CoreTests\RallyCalendar.CoreTests.csproj", "{FEEE8082-7BF5-4CDE-896A-F2E80E3A920F}"
EndProject
Project("{2150E333-8FDC-42A3-9474-1A3956D46DE8}") = "Solution Items", "Solution Items", "{ABBA0E5C-0931-4C0F-AD7C-FA0DE332F600}"
	ProjectSection(SolutionItems) = preProject
		.editorconfig = .editorconfig
		.gitignore = .gitignore
	EndProjectSection
EndProject
Global
	GlobalSection(SolutionConfigurationPlatforms) = preSolution
		Debug|Any CPU = Debug|Any CPU
		Release|Any CPU = Release|Any CPU
	EndGlobalSection
	GlobalSection(ProjectConfigurationPlatforms) = postSolution
		{F1B9E84A-6452-4581-B6E4-0E7E7E78A180}.Debug|Any CPU.ActiveCfg = Debug|Any CPU
		{F1B9E84A-6452-4581-B6E4-0E7E7E78A180}.Debug|Any CPU.Build.0 = Debug|Any CPU
		{F1B9E84A-6452-4581-B6E4-0E7E7E78A180}.Release|Any CPU.ActiveCfg = Release|Any CPU
		{F1B9E84A-6452-4581-B6E4-0E7E7E78A180}.Release|Any CPU.Build.0 = Release|Any CPU
		{5021D05D-113B-43B9-B485-0E97B5A89804}.Debug|Any CPU.ActiveCfg = Debug|Any CPU
		{5021D05D-113B-43B9-B485-0E97B5A89804}.Debug|Any CPU.Build.0 = Debug|Any CPU
		{5021D05D-113B-43B9-B485-0E97B5A89804}.Release|Any CPU.ActiveCfg = Release|Any CPU
		{5021D05D-113B-43B9-B485-0E97B5A89804}.Release|Any CPU.Build.0 = Release|Any CPU
		{FEEE8082-7BF5-4CDE-896A-F2E80E3A920F}.Debug|Any CPU.ActiveCfg = Debug|Any CPU
		{FEEE8082-7BF5-4CDE-896A-F2E80E3A920F}.Debug|Any CPU.Build.0 = Debug|Any CPU
		{FEEE8082-7BF5-4CDE-896A-F2E80E3A920F}.Release|Any CPU.ActiveCfg = Release|Any CPU
		{FEEE8082-7BF5-4CDE-896A-F2E80E3A920F}.Release|Any CPU.Build.0 = Release|Any CPU
	EndGlobalSection
	GlobalSection(SolutionProperties) = preSolution
		HideSolutionNode = FALSE
	EndGlobalSection
EndGlobal
